
Microsoft Visual Studio Solution File, Format Version 11.00
# Visual Studio 2010
Project("{8BC9CEB8-8B4A-11D0-8D11-00A0C91BC942}") = "Tutorial1", "Tutorial1\Tutorial1.vcxproj", "{4C632CF5-DC06-45B1-A6CF-88E6576B2022}"
EndProject
Global
	GlobalSection(SolutionConfigurationPlatforms) = preSolution
		Debug|Win32 = Debug|Win32
		Release|Win32 = Release|Win32
	EndGlobalSection
	GlobalSection(ProjectConfigurationPlatforms) = postSolution
		{4C632CF5-DC06-45B1-A6CF-88E6576B2022}.Debug|Win32.ActiveCfg = Debug|Win32
		{4C632CF5-DC06-45B1-A6CF-88E6576B2022}.Debug|Win32.Build.0 = Debug|Win32
		{4C632CF5-DC06-45B1-A6CF-88E6576B2022}.Release|Win32.ActiveCfg = Release|Win32
		{4C632CF5-DC06-45B1-A6CF-88E6576B2022}.Release|Win32.Build.0 = Release|Win32
	EndGlobalSection
	GlobalSection(SolutionProperties) = preSolution
		HideSolutionNode = FALSE
	EndGlobalSection
EndGlobal
